
Microsoft Visual Studio Solution File, Format Version 12.00
# Visual Studio Version 16
VisualStudioVersion = 16.0.30804.86
MinimumVisualStudioVersion = 10.0.40219.1
Project("{9A19103F-16F7-4668-BE54-9A1E7A4F7556}") = "ZawgyiToUnicode.FilenameConverter", "ZawgyiToUnicode.FilenameConverter\ZawgyiToUnicode.FilenameConverter.csproj", "{D593C106-D358-4F6B-83E6-BB2341C342A7}"
EndProject
Project("{9A19103F-16F7-4668-BE54-9A1E7A4F7556}") = "ZawgyiToUnicode.FilenameConverter.Tests", "ZawgyiToUnicode.FilenameConverter.Tests\ZawgyiToUnicode.FilenameConverter.Tests.csproj", "{C3D71477-3405-45A2-883D-F4ED7ABA1FCC}"
EndProject
Project("{9A19103F-16F7-4668-BE54-9A1E7A4F7556}") = "ZawgyiToUnicode.TextConverter", "ZawgyiToUnicode.TextConverter\ZawgyiToUnicode.TextConverter.csproj", "{A531E477-F0F5-478A-873F-3B223A1ED03A}"
EndProject
Project("{9A19103F-16F7-4668-BE54-9A1E7A4F7556}") = "ZawgyiToUnicode.TextConverter.Tests", "ZawgyiToUnicode.TextConverter.Tests\ZawgyiToUnicode.TextConverter.Tests.csproj", "{95E4711A-9918-46DE-8BAE-02A1B5A57DBF}"
EndProject
Global
	GlobalSection(SolutionConfigurationPlatforms) = preSolution
		Debug|Any CPU = Debug|Any CPU
		Release|Any CPU = Release|Any CPU
	EndGlobalSection
	GlobalSection(ProjectConfigurationPlatforms) = postSolution
		{D593C106-D358-4F6B-83E6-BB2341C342A7}.Debug|Any CPU.ActiveCfg = Debug|Any CPU
		{D593C106-D358-4F6B-83E6-BB2341C342A7}.Debug|Any CPU.Build.0 = Debug|Any CPU
		{D593C106-D358-4F6B-83E6-BB2341C342A7}.Release|Any CPU.ActiveCfg = Release|Any CPU
		{D593C106-D358-4F6B-83E6-BB2341C342A7}.Release|Any CPU.Build.0 = Release|Any CPU
		{C3D71477-3405-45A2-883D-F4ED7ABA1FCC}.Debug|Any CPU.ActiveCfg = Debug|Any CPU
		{C3D71477-3405-45A2-883D-F4ED7ABA1FCC}.Debug|Any CPU.Build.0 = Debug|Any CPU
		{C3D71477-3405-45A2-883D-F4ED7ABA1FCC}.Release|Any CPU.ActiveCfg = Release|Any CPU
		{C3D71477-3405-45A2-883D-F4ED7ABA1FCC}.Release|Any CPU.Build.0 = Release|Any CPU
		{A531E477-F0F5-478A-873F-3B223A1ED03A}.Debug|Any CPU.ActiveCfg = Debug|Any CPU
		{A531E477-F0F5-478A-873F-3B223A1ED03A}.Debug|Any CPU.Build.0 = Debug|Any CPU
		{A531E477-F0F5-478A-873F-3B223A1ED03A}.Release|Any CPU.ActiveCfg = Release|Any CPU
		{A531E477-F0F5-478A-873F-3B223A1ED03A}.Release|Any CPU.Build.0 = Release|Any CPU
		{95E4711A-9918-46DE-8BAE-02A1B5A57DBF}.Debug|Any CPU.ActiveCfg = Debug|Any CPU
		{95E4711A-9918-46DE-8BAE-02A1B5A57DBF}.Debug|Any CPU.Build.0 = Debug|Any CPU
		{95E4711A-9918-46DE-8BAE-02A1B5A57DBF}.Release|Any CPU.ActiveCfg = Release|Any CPU
		{95E4711A-9918-46DE-8BAE-02A1B5A57DBF}.Release|Any CPU.Build.0 = Release|Any CPU
	EndGlobalSection
	GlobalSection(SolutionProperties) = preSolution
		HideSolutionNode = FALSE
	EndGlobalSection
	GlobalSection(ExtensibilityGlobals) = postSolution
		SolutionGuid = {B7E34DE7-2A13-4DC6-96B2-0D8E1852DBE3}
	EndGlobalSection
EndGlobal
